
Microsoft Visual Studio Solution File, Format Version 12.00
# Visual Studio Version 16
VisualStudioVersion = 16.0.31328.270
MinimumVisualStudioVersion = 10.0.40219.1
Project("{9A19103F-16F7-4668-BE54-9A1E7A4F7556}") = "auction-api", "scr\api\auction-api\auction-api\auction-api.csproj", "{84FDBDE9-5628-4ECC-A506-18822821803D}"
EndProject
Global
	GlobalSection(SolutionConfigurationPlatforms) = preSolution
		Debug|Any CPU = Debug|Any CPU
		Release|Any CPU = Release|Any CPU
	EndGlobalSection
	GlobalSection(ProjectConfigurationPlatforms) = postSolution
		{84FDBDE9-5628-4ECC-A506-18822821803D}.Debug|Any CPU.ActiveCfg = Debug|Any CPU
		{84FDBDE9-5628-4ECC-A506-18822821803D}.Debug|Any CPU.Build.0 = Debug|Any CPU
		{84FDBDE9-5628-4ECC-A506-18822821803D}.Release|Any CPU.ActiveCfg = Release|Any CPU
		{84FDBDE9-5628-4ECC-A506-18822821803D}.Release|Any CPU.Build.0 = Release|Any CPU
	EndGlobalSection
	GlobalSection(SolutionProperties) = preSolution
		HideSolutionNode = FALSE
	EndGlobalSection
	GlobalSection(ExtensibilityGlobals) = postSolution
		SolutionGuid = {4668DEAE-55DB-4350-9951-967884813DFD}
	EndGlobalSection
EndGlobal
