
Microsoft Visual Studio Solution File, Format Version 12.00
# Visual Studio Version 16
VisualStudioVersion = 16.0.31328.270
MinimumVisualStudioVersion = 10.0.40219.1
Project("{FAE04EC0-301F-11D3-BF4B-00C04F79EFBC}") = "auction-api", "auction-api\auction-api.csproj", "{11137421-19A6-411B-8E67-AB353B25717F}"
EndProject
Global
	GlobalSection(SolutionConfigurationPlatforms) = preSolution
		Debug|Any CPU = Debug|Any CPU
		Release|Any CPU = Release|Any CPU
	EndGlobalSection
	GlobalSection(ProjectConfigurationPlatforms) = postSolution
		{11137421-19A6-411B-8E67-AB353B25717F}.Debug|Any CPU.ActiveCfg = Debug|Any CPU
		{11137421-19A6-411B-8E67-AB353B25717F}.Debug|Any CPU.Build.0 = Debug|Any CPU
		{11137421-19A6-411B-8E67-AB353B25717F}.Release|Any CPU.ActiveCfg = Release|Any CPU
		{11137421-19A6-411B-8E67-AB353B25717F}.Release|Any CPU.Build.0 = Release|Any CPU
	EndGlobalSection
	GlobalSection(SolutionProperties) = preSolution
		HideSolutionNode = FALSE
	EndGlobalSection
	GlobalSection(ExtensibilityGlobals) = postSolution
		SolutionGuid = {76DBCF2D-5305-4E3C-8FA9-57DABDF3B208}
	EndGlobalSection
EndGlobal
